# This file is automatically @generated by Cargo.
# It is not intended for manual editing.
version = 4

[[package]]
name = "abc329"
version = "0.1.0"
dependencies = [
 "proconio",
]

[[package]]
name = "abc330"
version = "0.1.0"
dependencies = [
 "proconio",
]

[[package]]
name = "abc331"
version = "0.1.0"
dependencies = [
 "proconio",
]

[[package]]
name = "abc332"
version = "0.1.0"
dependencies = [
 "proconio",
]

[[package]]
name = "abc333"
version = "0.1.0"
dependencies = [
 "proconio",
]

[[package]]
name = "abc334"
version = "0.1.0"
dependencies = [
 "proconio",
]

[[package]]
name = "abc335"
version = "0.1.0"
dependencies = [
 "proconio",
]

[[package]]
name = "abc336"
version = "0.1.0"
dependencies = [
 "proconio",
]

[[package]]
name = "abc337"
version = "0.1.0"
dependencies = [
 "proconio",
]

[[package]]
name = "abc338"
version = "0.1.0"
dependencies = [
 "proconio",
]

[[package]]
name = "abc339"
version = "0.1.0"
dependencies = [
 "proconio",
]

[[package]]
name = "abc340"
version = "0.1.0"
dependencies = [
 "proconio",
]

[[package]]
name = "abc341"
version = "0.1.0"
dependencies = [
 "proconio",
]

[[package]]
name = "abc342"
version = "0.1.0"
dependencies = [
 "proconio",
]

[[package]]
name = "abc343"
version = "0.1.0"
dependencies = [
 "proconio",
]

[[package]]
name = "abc344"
version = "0.1.0"
dependencies = [
 "proconio",
]

[[package]]
name = "abc345"
version = "0.1.0"
dependencies = [
 "proconio",
]

[[package]]
name = "abc346"
version = "0.1.0"
dependencies = [
 "proconio",
]

[[package]]
name = "abc347"
version = "0.1.0"
dependencies = [
 "proconio",
]

[[package]]
name = "abc348"
version = "0.1.0"
dependencies = [
 "proconio",
]

[[package]]
name = "abc349"
version = "0.1.0"
dependencies = [
 "proconio",
]

[[package]]
name = "abc350"
version = "0.1.0"
dependencies = [
 "proconio",
]

[[package]]
name = "abc351"
version = "0.1.0"
dependencies = [
 "proconio",
]

[[package]]
name = "abc352"
version = "0.1.0"
dependencies = [
 "proconio",
]

[[package]]
name = "abc353"
version = "0.1.0"
dependencies = [
 "proconio",
]

[[package]]
name = "abc354"
version = "0.1.0"
dependencies = [
 "proconio",
]

[[package]]
name = "abc355"
version = "0.1.0"
dependencies = [
 "proconio",
]

[[package]]
name = "abc356"
version = "0.1.0"
dependencies = [
 "proconio",
]

[[package]]
name = "abc357"
version = "0.1.0"
dependencies = [
 "proconio",
]

[[package]]
name = "abc358"
version = "0.1.0"
dependencies = [
 "itertools",
 "proconio",
]

[[package]]
name = "abc359"
version = "0.1.0"
dependencies = [
 "proconio",
]

[[package]]
name = "abc360"
version = "0.1.0"
dependencies = [
 "proconio",
]

[[package]]
name = "abc361"
version = "0.1.0"
dependencies = [
 "proconio",
]

[[package]]
name = "abc362"
version = "0.1.0"
dependencies = [
 "proconio",
]

[[package]]
name = "abc363"
version = "0.1.0"
dependencies = [
 "itertools",
 "proconio",
 "superslice",
]

[[package]]
name = "abc364"
version = "0.1.0"
dependencies = [
 "proconio",
]

[[package]]
name = "abc365"
version = "0.1.0"
dependencies = [
 "proconio",
]

[[package]]
name = "abc366"
version = "0.1.0"
dependencies = [
 "proconio",
]

[[package]]
name = "abc367"
version = "0.1.0"
dependencies = [
 "proconio",
]

[[package]]
name = "abc368"
version = "0.1.0"
dependencies = [
 "proconio",
 "superslice",
]

[[package]]
name = "abc369"
version = "0.1.0"
dependencies = [
 "proconio",
]

[[package]]
name = "abc370"
version = "0.1.0"
dependencies = [
 "proconio",
]

[[package]]
name = "abc371"
version = "0.1.0"
dependencies = [
 "proconio",
 "superslice",
]

[[package]]
name = "abc372"
version = "0.1.0"
dependencies = [
 "proconio",
]

[[package]]
name = "abc373"
version = "0.1.0"
dependencies = [
 "proconio",
]

[[package]]
name = "abc374"
version = "0.1.0"
dependencies = [
 "proconio",
]

[[package]]
name = "abc375"
version = "0.1.0"
dependencies = [
 "proconio",
]

[[package]]
name = "abc376"
version = "0.1.0"
dependencies = [
 "proconio",
]

[[package]]
name = "abc377"
version = "0.1.0"
dependencies = [
 "proconio",
]

[[package]]
name = "abc378"
version = "0.1.0"
dependencies = [
 "proconio",
]

[[package]]
name = "abc379"
version = "0.1.0"
dependencies = [
 "proconio",
]

[[package]]
name = "abc380"
version = "0.1.0"
dependencies = [
 "proconio",
]

[[package]]
name = "abc381"
version = "0.1.0"
dependencies = [
 "proconio",
]

[[package]]
name = "abc382"
version = "0.1.0"
dependencies = [
 "proconio",
]

[[package]]
name = "abc383"
version = "0.1.0"
dependencies = [
 "proconio",
]

[[package]]
name = "abc384"
version = "0.1.0"
dependencies = [
 "proconio",
]

[[package]]
name = "abc385"
version = "0.1.0"
dependencies = [
 "proconio",
]

[[package]]
name = "abc386"
version = "0.1.0"
dependencies = [
 "proconio",
]

[[package]]
name = "abc387"
version = "0.1.0"
dependencies = [
 "proconio",
]

[[package]]
name = "abc388"
version = "0.1.0"
dependencies = [
 "proconio",
]

[[package]]
name = "abc389"
version = "0.1.0"
dependencies = [
 "proconio",
 "superslice",
]

[[package]]
name = "abc390"
version = "0.1.0"
dependencies = [
 "proconio",
 "superslice",
]

[[package]]
name = "abc391"
version = "0.1.0"
dependencies = [
 "proconio",
 "superslice",
]

[[package]]
name = "abc392"
version = "0.1.0"
dependencies = [
 "proconio",
 "superslice",
]

[[package]]
name = "abc393"
version = "0.1.0"
dependencies = [
 "proconio",
 "superslice",
]

[[package]]
name = "abc394"
version = "0.1.0"
dependencies = [
 "proconio",
 "superslice",
]

[[package]]
name = "abc395"
version = "0.1.0"
dependencies = [
 "proconio",
 "superslice",
]

[[package]]
name = "abc396"
version = "0.1.0"
dependencies = [
 "proconio",
 "superslice",
]

[[package]]
name = "abc397"
version = "0.1.0"
dependencies = [
 "proconio",
 "superslice",
]

[[package]]
name = "abc398"
version = "0.1.0"
dependencies = [
 "proconio",
 "superslice",
]

[[package]]
name = "abc399"
version = "0.1.0"
dependencies = [
 "petgraph",
 "proconio",
 "superslice",
]

[[package]]
name = "abc400"
version = "0.1.0"
dependencies = [
 "itertools",
 "petgraph",
 "proconio",
 "superslice",
]

[[package]]
name = "atcoder_biginners_selection"
version = "0.1.0"
dependencies = [
 "proconio",
]

[[package]]
name = "either"
version = "1.15.0"
source = "registry+https://github.com/rust-lang/crates.io-index"
checksum = "48c757948c5ede0e46177b7add2e67155f70e33c07fea8284df6576da70b3719"

[[package]]
name = "equivalent"
version = "1.0.2"
source = "registry+https://github.com/rust-lang/crates.io-index"
checksum = "877a4ace8713b0bcf2a4e7eec82529c029f1d0619886d18145fea96c3ffe5c0f"

[[package]]
name = "fixedbitset"
version = "0.5.7"
source = "registry+https://github.com/rust-lang/crates.io-index"
checksum = "1d674e81391d1e1ab681a28d99df07927c6d4aa5b027d7da16ba32d1d21ecd99"

[[package]]
name = "hashbrown"
version = "0.15.2"
source = "registry+https://github.com/rust-lang/crates.io-index"
checksum = "bf151400ff0baff5465007dd2f3e717f3fe502074ca563069ce3a6629d07b289"

[[package]]
name = "indexmap"
version = "2.8.0"
source = "registry+https://github.com/rust-lang/crates.io-index"
checksum = "3954d50fe15b02142bf25d3b8bdadb634ec3948f103d04ffe3031bc8fe9d7058"
dependencies = [
 "equivalent",
 "hashbrown",
]

[[package]]
name = "itertools"
version = "0.14.0"
source = "registry+https://github.com/rust-lang/crates.io-index"
checksum = "2b192c782037fadd9cfa75548310488aabdbf3d2da73885b31bd0abd03351285"
dependencies = [
 "either",
]

[[package]]
name = "petgraph"
version = "0.7.1"
source = "registry+https://github.com/rust-lang/crates.io-index"
checksum = "3672b37090dbd86368a4145bc067582552b29c27377cad4e0a306c97f9bd7772"
dependencies = [
 "fixedbitset",
 "indexmap",
]

[[package]]
name = "proconio"
version = "0.5.0"
source = "registry+https://github.com/rust-lang/crates.io-index"
checksum = "c10091de86d0dc939b37a115d74597cbe83af470032a1729d50c98ccee043cb0"

[[package]]
name = "superslice"
version = "1.0.0"
source = "registry+https://github.com/rust-lang/crates.io-index"
checksum = "ab16ced94dbd8a46c82fd81e3ed9a8727dac2977ea869d217bcc4ea1f122e81f"
